
Microsoft Visual Studio Solution File, Format Version 12.00
# Visual Studio 15
VisualStudioVersion = 15.0.28010.2026
MinimumVisualStudioVersion = 10.0.40219.1
Project("{FAE04EC0-301F-11D3-BF4B-00C04F79EFBC}") = "SQLiteXDocs2.Android", "SQLiteXDocs2\SQLiteXDocs2.Android\SQLiteXDocs2.Android.csproj", "{619D2AEE-DD50-4FCE-A046-CD5A10A9D97E}"
EndProject
Project("{FAE04EC0-301F-11D3-BF4B-00C04F79EFBC}") = "SQLiteXDocs2.iOS", "SQLiteXDocs2\SQLiteXDocs2.iOS\SQLiteXDocs2.iOS.csproj", "{CD52D88D-31A7-4C0F-B104-1929D05D98DF}"
EndProject
Project("{FAE04EC0-301F-11D3-BF4B-00C04F79EFBC}") = "SQLiteXDocs2", "SQLiteXDocs2\SQLiteXDocs2\SQLiteXDocs2.csproj", "{44148AF1-0DBB-40F3-833F-E9ECEDB0A63A}"
EndProject
Global
	GlobalSection(SolutionConfigurationPlatforms) = preSolution
		Ad-Hoc|Any CPU = Ad-Hoc|Any CPU
		Ad-Hoc|iPhone = Ad-Hoc|iPhone
		Ad-Hoc|iPhoneSimulator = Ad-Hoc|iPhoneSimulator
		AppStore|Any CPU = AppStore|Any CPU
		AppStore|iPhone = AppStore|iPhone
		AppStore|iPhoneSimulator = AppStore|iPhoneSimulator
		Debug|Any CPU = Debug|Any CPU
		Debug|iPhone = Debug|iPhone
		Debug|iPhoneSimulator = Debug|iPhoneSimulator
		Release|Any CPU = Release|Any CPU
		Release|iPhone = Release|iPhone
		Release|iPhoneSimulator = Release|iPhoneSimulator
	EndGlobalSection
	GlobalSection(ProjectConfigurationPlatforms) = postSolution
		{619D2AEE-DD50-4FCE-A046-CD5A10A9D97E}.Ad-Hoc|Any CPU.ActiveCfg = Release|Any CPU
		{619D2AEE-DD50-4FCE-A046-CD5A10A9D97E}.Ad-Hoc|Any CPU.Build.0 = Release|Any CPU
		{619D2AEE-DD50-4FCE-A046-CD5A10A9D97E}.Ad-Hoc|Any CPU.Deploy.0 = Release|Any CPU
		{619D2AEE-DD50-4FCE-A046-CD5A10A9D97E}.Ad-Hoc|iPhone.ActiveCfg = Release|Any CPU
		{619D2AEE-DD50-4FCE-A046-CD5A10A9D97E}.Ad-Hoc|iPhone.Build.0 = Release|Any CPU
		{619D2AEE-DD50-4FCE-A046-CD5A10A9D97E}.Ad-Hoc|iPhone.Deploy.0 = Release|Any CPU
		{619D2AEE-DD50-4FCE-A046-CD5A10A9D97E}.Ad-Hoc|iPhoneSimulator.ActiveCfg = Release|Any CPU
		{619D2AEE-DD50-4FCE-A046-CD5A10A9D97E}.Ad-Hoc|iPhoneSimulator.Build.0 = Release|Any CPU
		{619D2AEE-DD50-4FCE-A046-CD5A10A9D97E}.Ad-Hoc|iPhoneSimulator.Deploy.0 = Release|Any CPU
		{619D2AEE-DD50-4FCE-A046-CD5A10A9D97E}.AppStore|Any CPU.ActiveCfg = Release|Any CPU
		{619D2AEE-DD50-4FCE-A046-CD5A10A9D97E}.AppStore|Any CPU.Build.0 = Release|Any CPU
		{619D2AEE-DD50-4FCE-A046-CD5A10A9D97E}.AppStore|Any CPU.Deploy.0 = Release|Any CPU
		{619D2AEE-DD50-4FCE-A046-CD5A10A9D97E}.AppStore|iPhone.ActiveCfg = Release|Any CPU
		{619D2AEE-DD50-4FCE-A046-CD5A10A9D97E}.AppStore|iPhone.Build.0 = Release|Any CPU
		{619D2AEE-DD50-4FCE-A046-CD5A10A9D97E}.AppStore|iPhone.Deploy.0 = Release|Any CPU
		{619D2AEE-DD50-4FCE-A046-CD5A10A9D97E}.AppStore|iPhoneSimulator.ActiveCfg = Release|Any CPU
		{619D2AEE-DD50-4FCE-A046-CD5A10A9D97E}.AppStore|iPhoneSimulator.Build.0 = Release|Any CPU
		{619D2AEE-DD50-4FCE-A046-CD5A10A9D97E}.AppStore|iPhoneSimulator.Deploy.0 = Release|Any CPU
		{619D2AEE-DD50-4FCE-A046-CD5A10A9D97E}.Debug|Any CPU.ActiveCfg = Debug|Any CPU
		{619D2AEE-DD50-4FCE-A046-CD5A10A9D97E}.Debug|Any CPU.Build.0 = Debug|Any CPU
		{619D2AEE-DD50-4FCE-A046-CD5A10A9D97E}.Debug|Any CPU.Deploy.0 = Debug|Any CPU
		{619D2AEE-DD50-4FCE-A046-CD5A10A9D97E}.Debug|iPhone.ActiveCfg = Debug|Any CPU
		{619D2AEE-DD50-4FCE-A046-CD5A10A9D97E}.Debug|iPhone.Build.0 = Debug|Any CPU
		{619D2AEE-DD50-4FCE-A046-CD5A10A9D97E}.Debug|iPhone.Deploy.0 = Debug|Any CPU
		{619D2AEE-DD50-4FCE-A046-CD5A10A9D97E}.Debug|iPhoneSimulator.ActiveCfg = Debug|Any CPU
		{619D2AEE-DD50-4FCE-A046-CD5A10A9D97E}.Debug|iPhoneSimulator.Build.0 = Debug|Any CPU
		{619D2AEE-DD50-4FCE-A046-CD5A10A9D97E}.Debug|iPhoneSimulator.Deploy.0 = Debug|Any CPU
		{619D2AEE-DD50-4FCE-A046-CD5A10A9D97E}.Release|Any CPU.ActiveCfg = Release|Any CPU
		{619D2AEE-DD50-4FCE-A046-CD5A10A9D97E}.Release|Any CPU.Build.0 = Release|Any CPU
		{619D2AEE-DD50-4FCE-A046-CD5A10A9D97E}.Release|Any CPU.Deploy.0 = Release|Any CPU
		{619D2AEE-DD50-4FCE-A046-CD5A10A9D97E}.Release|iPhone.ActiveCfg = Release|Any CPU
		{619D2AEE-DD50-4FCE-A046-CD5A10A9D97E}.Release|iPhone.Build.0 = Release|Any CPU
		{619D2AEE-DD50-4FCE-A046-CD5A10A9D97E}.Release|iPhone.Deploy.0 = Release|Any CPU
		{619D2AEE-DD50-4FCE-A046-CD5A10A9D97E}.Release|iPhoneSimulator.ActiveCfg = Release|Any CPU
		{619D2AEE-DD50-4FCE-A046-CD5A10A9D97E}.Release|iPhoneSimulator.Build.0 = Release|Any CPU
		{619D2AEE-DD50-4FCE-A046-CD5A10A9D97E}.Release|iPhoneSimulator.Deploy.0 = Release|Any CPU
		{CD52D88D-31A7-4C0F-B104-1929D05D98DF}.Ad-Hoc|Any CPU.ActiveCfg = Ad-Hoc|iPhone
		{CD52D88D-31A7-4C0F-B104-1929D05D98DF}.Ad-Hoc|Any CPU.Build.0 = Ad-Hoc|iPhone
		{CD52D88D-31A7-4C0F-B104-1929D05D98DF}.Ad-Hoc|Any CPU.Deploy.0 = Ad-Hoc|iPhone
		{CD52D88D-31A7-4C0F-B104-1929D05D98DF}.Ad-Hoc|iPhone.ActiveCfg = Ad-Hoc|iPhone
		{CD52D88D-31A7-4C0F-B104-1929D05D98DF}.Ad-Hoc|iPhone.Build.0 = Ad-Hoc|iPhone
		{CD52D88D-31A7-4C0F-B104-1929D05D98DF}.Ad-Hoc|iPhone.Deploy.0 = Ad-Hoc|iPhone
		{CD52D88D-31A7-4C0F-B104-1929D05D98DF}.Ad-Hoc|iPhoneSimulator.ActiveCfg = Ad-Hoc|iPhoneSimulator
		{CD52D88D-31A7-4C0F-B104-1929D05D98DF}.Ad-Hoc|iPhoneSimulator.Build.0 = Ad-Hoc|iPhoneSimulator
		{CD52D88D-31A7-4C0F-B104-1929D05D98DF}.Ad-Hoc|iPhoneSimulator.Deploy.0 = Ad-Hoc|iPhoneSimulator
		{CD52D88D-31A7-4C0F-B104-1929D05D98DF}.AppStore|Any CPU.ActiveCfg = AppStore|iPhone
		{CD52D88D-31A7-4C0F-B104-1929D05D98DF}.AppStore|Any CPU.Build.0 = AppStore|iPhone
		{CD52D88D-31A7-4C0F-B104-1929D05D98DF}.AppStore|Any CPU.Deploy.0 = AppStore|iPhone
		{CD52D88D-31A7-4C0F-B104-1929D05D98DF}.AppStore|iPhone.ActiveCfg = AppStore|iPhone
		{CD52D88D-31A7-4C0F-B104-1929D05D98DF}.AppStore|iPhone.Build.0 = AppStore|iPhone
		{CD52D88D-31A7-4C0F-B104-1929D05D98DF}.AppStore|iPhone.Deploy.0 = AppStore|iPhone
		{CD52D88D-31A7-4C0F-B104-1929D05D98DF}.AppStore|iPhoneSimulator.ActiveCfg = AppStore|iPhoneSimulator
		{CD52D88D-31A7-4C0F-B104-1929D05D98DF}.AppStore|iPhoneSimulator.Build.0 = AppStore|iPhoneSimulator
		{CD52D88D-31A7-4C0F-B104-1929D05D98DF}.AppStore|iPhoneSimulator.Deploy.0 = AppStore|iPhoneSimulator
		{CD52D88D-31A7-4C0F-B104-1929D05D98DF}.Debug|Any CPU.ActiveCfg = Debug|iPhoneSimulator
		{CD52D88D-31A7-4C0F-B104-1929D05D98DF}.Debug|Any CPU.Build.0 = Debug|iPhoneSimulator
		{CD52D88D-31A7-4C0F-B104-1929D05D98DF}.Debug|Any CPU.Deploy.0 = Debug|iPhoneSimulator
		{CD52D88D-31A7-4C0F-B104-1929D05D98DF}.Debug|iPhone.ActiveCfg = Debug|iPhone
		{CD52D88D-31A7-4C0F-B104-1929D05D98DF}.Debug|iPhone.Build.0 = Debug|iPhone
		{CD52D88D-31A7-4C0F-B104-1929D05D98DF}.Debug|iPhone.Deploy.0 = Debug|iPhone
		{CD52D88D-31A7-4C0F-B104-1929D05D98DF}.Debug|iPhoneSimulator.ActiveCfg = Debug|iPhoneSimulator
		{CD52D88D-31A7-4C0F-B104-1929D05D98DF}.Debug|iPhoneSimulator.Build.0 = Debug|iPhoneSimulator
		{CD52D88D-31A7-4C0F-B104-1929D05D98DF}.Debug|iPhoneSimulator.Deploy.0 = Debug|iPhoneSimulator
		{CD52D88D-31A7-4C0F-B104-1929D05D98DF}.Release|Any CPU.ActiveCfg = Release|iPhone
		{CD52D88D-31A7-4C0F-B104-1929D05D98DF}.Release|Any CPU.Build.0 = Release|iPhone
		{CD52D88D-31A7-4C0F-B104-1929D05D98DF}.Release|Any CPU.Deploy.0 = Release|iPhone
		{CD52D88D-31A7-4C0F-B104-1929D05D98DF}.Release|iPhone.ActiveCfg = Release|iPhone
		{CD52D88D-31A7-4C0F-B104-1929D05D98DF}.Release|iPhone.Build.0 = Release|iPhone
		{CD52D88D-31A7-4C0F-B104-1929D05D98DF}.Release|iPhone.Deploy.0 = Release|iPhone
		{CD52D88D-31A7-4C0F-B104-1929D05D98DF}.Release|iPhoneSimulator.ActiveCfg = Release|iPhoneSimulator
		{CD52D88D-31A7-4C0F-B104-1929D05D98DF}.Release|iPhoneSimulator.Build.0 = Release|iPhoneSimulator
		{CD52D88D-31A7-4C0F-B104-1929D05D98DF}.Release|iPhoneSimulator.Deploy.0 = Release|iPhoneSimulator
		{44148AF1-0DBB-40F3-833F-E9ECEDB0A63A}.Ad-Hoc|Any CPU.ActiveCfg = Debug|Any CPU
		{44148AF1-0DBB-40F3-833F-E9ECEDB0A63A}.Ad-Hoc|Any CPU.Build.0 = Debug|Any CPU
		{44148AF1-0DBB-40F3-833F-E9ECEDB0A63A}.Ad-Hoc|Any CPU.Deploy.0 = Debug|Any CPU
		{44148AF1-0DBB-40F3-833F-E9ECEDB0A63A}.Ad-Hoc|iPhone.ActiveCfg = Debug|Any CPU
		{44148AF1-0DBB-40F3-833F-E9ECEDB0A63A}.Ad-Hoc|iPhone.Build.0 = Debug|Any CPU
		{44148AF1-0DBB-40F3-833F-E9ECEDB0A63A}.Ad-Hoc|iPhone.Deploy.0 = Debug|Any CPU
		{44148AF1-0DBB-40F3-833F-E9ECEDB0A63A}.Ad-Hoc|iPhoneSimulator.ActiveCfg = Debug|Any CPU
		{44148AF1-0DBB-40F3-833F-E9ECEDB0A63A}.Ad-Hoc|iPhoneSimulator.Build.0 = Debug|Any CPU
		{44148AF1-0DBB-40F3-833F-E9ECEDB0A63A}.Ad-Hoc|iPhoneSimulator.Deploy.0 = Debug|Any CPU
		{44148AF1-0DBB-40F3-833F-E9ECEDB0A63A}.AppStore|Any CPU.ActiveCfg = Debug|Any CPU
		{44148AF1-0DBB-40F3-833F-E9ECEDB0A63A}.AppStore|Any CPU.Build.0 = Debug|Any CPU
		{44148AF1-0DBB-40F3-833F-E9ECEDB0A63A}.AppStore|Any CPU.Deploy.0 = Debug|Any CPU
		{44148AF1-0DBB-40F3-833F-E9ECEDB0A63A}.AppStore|iPhone.ActiveCfg = Debug|Any CPU
		{44148AF1-0DBB-40F3-833F-E9ECEDB0A63A}.AppStore|iPhone.Build.0 = Debug|Any CPU
		{44148AF1-0DBB-40F3-833F-E9ECEDB0A63A}.AppStore|iPhone.Deploy.0 = Debug|Any CPU
		{44148AF1-0DBB-40F3-833F-E9ECEDB0A63A}.AppStore|iPhoneSimulator.ActiveCfg = Debug|Any CPU
		{44148AF1-0DBB-40F3-833F-E9ECEDB0A63A}.AppStore|iPhoneSimulator.Build.0 = Debug|Any CPU
		{44148AF1-0DBB-40F3-833F-E9ECEDB0A63A}.AppStore|iPhoneSimulator.Deploy.0 = Debug|Any CPU
		{44148AF1-0DBB-40F3-833F-E9ECEDB0A63A}.Debug|Any CPU.ActiveCfg = Debug|Any CPU
		{44148AF1-0DBB-40F3-833F-E9ECEDB0A63A}.Debug|Any CPU.Build.0 = Debug|Any CPU
		{44148AF1-0DBB-40F3-833F-E9ECEDB0A63A}.Debug|Any CPU.Deploy.0 = Debug|Any CPU
		{44148AF1-0DBB-40F3-833F-E9ECEDB0A63A}.Debug|iPhone.ActiveCfg = Debug|Any CPU
		{44148AF1-0DBB-40F3-833F-E9ECEDB0A63A}.Debug|iPhone.Build.0 = Debug|Any CPU
		{44148AF1-0DBB-40F3-833F-E9ECEDB0A63A}.Debug|iPhone.Deploy.0 = Debug|Any CPU
		{44148AF1-0DBB-40F3-833F-E9ECEDB0A63A}.Debug|iPhoneSimulator.ActiveCfg = Debug|Any CPU
		{44148AF1-0DBB-40F3-833F-E9ECEDB0A63A}.Debug|iPhoneSimulator.Build.0 = Debug|Any CPU
		{44148AF1-0DBB-40F3-833F-E9ECEDB0A63A}.Debug|iPhoneSimulator.Deploy.0 = Debug|Any CPU
		{44148AF1-0DBB-40F3-833F-E9ECEDB0A63A}.Release|Any CPU.ActiveCfg = Release|Any CPU
		{44148AF1-0DBB-40F3-833F-E9ECEDB0A63A}.Release|Any CPU.Build.0 = Release|Any CPU
		{44148AF1-0DBB-40F3-833F-E9ECEDB0A63A}.Release|Any CPU.Deploy.0 = Release|Any CPU
		{44148AF1-0DBB-40F3-833F-E9ECEDB0A63A}.Release|iPhone.ActiveCfg = Release|Any CPU
		{44148AF1-0DBB-40F3-833F-E9ECEDB0A63A}.Release|iPhone.Build.0 = Release|Any CPU
		{44148AF1-0DBB-40F3-833F-E9ECEDB0A63A}.Release|iPhone.Deploy.0 = Release|Any CPU
		{44148AF1-0DBB-40F3-833F-E9ECEDB0A63A}.Release|iPhoneSimulator.ActiveCfg = Release|Any CPU
		{44148AF1-0DBB-40F3-833F-E9ECEDB0A63A}.Release|iPhoneSimulator.Build.0 = Release|Any CPU
		{44148AF1-0DBB-40F3-833F-E9ECEDB0A63A}.Release|iPhoneSimulator.Deploy.0 = Release|Any CPU
	EndGlobalSection
	GlobalSection(SolutionProperties) = preSolution
		HideSolutionNode = FALSE
	EndGlobalSection
	GlobalSection(ExtensibilityGlobals) = postSolution
		SolutionGuid = {1F7CD7E9-06A5-4555-8128-A52B18EED1E8}
	EndGlobalSection
EndGlobal
